// !$*UTF8*$!
{
	archiveVersion = 1;
	classes = {
	};
	objectVersion = 56;
	objects = {

/* Begin PBXBuildFile section */
		/* App */
		APP001 /* WNNDashboardApp.swift in Sources */ = {isa = PBXBuildFile; fileRef = SRC001; };
		APP002 /* ContentView.swift in Sources */ = {isa = PBXBuildFile; fileRef = SRC002; };

		/* Models */
		MDL001 /* StatusEnums.swift in Sources */ = {isa = PBXBuildFile; fileRef = SRC101; };
		MDL002 /* Flow.swift in Sources */ = {isa = PBXBuildFile; fileRef = SRC102; };
		MDL003 /* Experiment.swift in Sources */ = {isa = PBXBuildFile; fileRef = SRC103; };
		MDL004 /* Phase.swift in Sources */ = {isa = PBXBuildFile; fileRef = SRC104; };
		MDL005 /* Iteration.swift in Sources */ = {isa = PBXBuildFile; fileRef = SRC105; };
		MDL006 /* GenomeEvaluation.swift in Sources */ = {isa = PBXBuildFile; fileRef = SRC106; };
		MDL007 /* Checkpoint.swift in Sources */ = {isa = PBXBuildFile; fileRef = SRC107; };
		MDL008 /* HealthCheck.swift in Sources */ = {isa = PBXBuildFile; fileRef = SRC108; };
		MDL009 /* Snapshot.swift in Sources */ = {isa = PBXBuildFile; fileRef = SRC109; };
		MDL010 /* WebSocketMessage.swift in Sources */ = {isa = PBXBuildFile; fileRef = SRC110; };
		MDL011 /* AnyCodable.swift in Sources */ = {isa = PBXBuildFile; fileRef = SRC111; };

		/* Services */
		SVC001 /* SettingsStore.swift in Sources */ = {isa = PBXBuildFile; fileRef = SRC201; };
		SVC002 /* ConnectionManager.swift in Sources */ = {isa = PBXBuildFile; fileRef = SRC202; };
		SVC003 /* APIClient.swift in Sources */ = {isa = PBXBuildFile; fileRef = SRC203; };
		SVC004 /* WebSocketManager.swift in Sources */ = {isa = PBXBuildFile; fileRef = SRC204; };

		/* ViewModels */
		VML001 /* DashboardViewModel.swift in Sources */ = {isa = PBXBuildFile; fileRef = SRC301; };
		VML002 /* FlowsViewModel.swift in Sources */ = {isa = PBXBuildFile; fileRef = SRC302; };
		VML003 /* CheckpointsViewModel.swift in Sources */ = {isa = PBXBuildFile; fileRef = SRC303; };

		/* Views - Dashboard */
		VW001 /* DashboardView.swift in Sources */ = {isa = PBXBuildFile; fileRef = SRC401; };
		VW002 /* MetricsCardView.swift in Sources */ = {isa = PBXBuildFile; fileRef = SRC402; };
		VW003 /* ProgressBarView.swift in Sources */ = {isa = PBXBuildFile; fileRef = SRC403; };
		VW004 /* DualAxisChartView.swift in Sources */ = {isa = PBXBuildFile; fileRef = SRC404; };
		VW005 /* PhaseTimelineView.swift in Sources */ = {isa = PBXBuildFile; fileRef = SRC405; };
		VW006 /* IterationsListView.swift in Sources */ = {isa = PBXBuildFile; fileRef = SRC406; };
		VW007 /* IterationDetailSheet.swift in Sources */ = {isa = PBXBuildFile; fileRef = SRC407; };

		/* Views - Flows */
		VW101 /* FlowsListView.swift in Sources */ = {isa = PBXBuildFile; fileRef = SRC501; };
		VW102 /* FlowCardView.swift in Sources */ = {isa = PBXBuildFile; fileRef = SRC502; };
		VW103 /* FlowDetailView.swift in Sources */ = {isa = PBXBuildFile; fileRef = SRC503; };
		VW104 /* NewFlowView.swift in Sources */ = {isa = PBXBuildFile; fileRef = SRC504; };

		/* Views - Checkpoints */
		VW201 /* CheckpointsListView.swift in Sources */ = {isa = PBXBuildFile; fileRef = SRC601; };

		/* Views - Settings */
		VW301 /* SettingsView.swift in Sources */ = {isa = PBXBuildFile; fileRef = SRC701; };

		/* Utilities */
		UTL001 /* Formatters.swift in Sources */ = {isa = PBXBuildFile; fileRef = SRC801; };
		UTL002 /* Theme.swift in Sources */ = {isa = PBXBuildFile; fileRef = SRC802; };

		/* Assets */
		AST001 /* Assets.xcassets in Resources */ = {isa = PBXBuildFile; fileRef = AST100; };
		AST002 /* Preview Assets.xcassets in Resources */ = {isa = PBXBuildFile; fileRef = AST101; };
/* End PBXBuildFile section */

/* Begin PBXFileReference section */
		/* Product */
		PRD001 /* WNNDashboard.app */ = {isa = PBXFileReference; explicitFileType = wrapper.application; includeInIndex = 0; path = WNNDashboard.app; sourceTree = BUILT_PRODUCTS_DIR; };

		/* App */
		SRC001 /* WNNDashboardApp.swift */ = {isa = PBXFileReference; lastKnownFileType = sourcecode.swift; path = WNNDashboardApp.swift; sourceTree = "<group>"; };
		SRC002 /* ContentView.swift */ = {isa = PBXFileReference; lastKnownFileType = sourcecode.swift; path = ContentView.swift; sourceTree = "<group>"; };

		/* Models */
		SRC101 /* StatusEnums.swift */ = {isa = PBXFileReference; lastKnownFileType = sourcecode.swift; path = StatusEnums.swift; sourceTree = "<group>"; };
		SRC102 /* Flow.swift */ = {isa = PBXFileReference; lastKnownFileType = sourcecode.swift; path = Flow.swift; sourceTree = "<group>"; };
		SRC103 /* Experiment.swift */ = {isa = PBXFileReference; lastKnownFileType = sourcecode.swift; path = Experiment.swift; sourceTree = "<group>"; };
		SRC104 /* Phase.swift */ = {isa = PBXFileReference; lastKnownFileType = sourcecode.swift; path = Phase.swift; sourceTree = "<group>"; };
		SRC105 /* Iteration.swift */ = {isa = PBXFileReference; lastKnownFileType = sourcecode.swift; path = Iteration.swift; sourceTree = "<group>"; };
		SRC106 /* GenomeEvaluation.swift */ = {isa = PBXFileReference; lastKnownFileType = sourcecode.swift; path = GenomeEvaluation.swift; sourceTree = "<group>"; };
		SRC107 /* Checkpoint.swift */ = {isa = PBXFileReference; lastKnownFileType = sourcecode.swift; path = Checkpoint.swift; sourceTree = "<group>"; };
		SRC108 /* HealthCheck.swift */ = {isa = PBXFileReference; lastKnownFileType = sourcecode.swift; path = HealthCheck.swift; sourceTree = "<group>"; };
		SRC109 /* Snapshot.swift */ = {isa = PBXFileReference; lastKnownFileType = sourcecode.swift; path = Snapshot.swift; sourceTree = "<group>"; };
		SRC110 /* WebSocketMessage.swift */ = {isa = PBXFileReference; lastKnownFileType = sourcecode.swift; path = WebSocketMessage.swift; sourceTree = "<group>"; };
		SRC111 /* AnyCodable.swift */ = {isa = PBXFileReference; lastKnownFileType = sourcecode.swift; path = AnyCodable.swift; sourceTree = "<group>"; };

		/* Services */
		SRC201 /* SettingsStore.swift */ = {isa = PBXFileReference; lastKnownFileType = sourcecode.swift; path = SettingsStore.swift; sourceTree = "<group>"; };
		SRC202 /* ConnectionManager.swift */ = {isa = PBXFileReference; lastKnownFileType = sourcecode.swift; path = ConnectionManager.swift; sourceTree = "<group>"; };
		SRC203 /* APIClient.swift */ = {isa = PBXFileReference; lastKnownFileType = sourcecode.swift; path = APIClient.swift; sourceTree = "<group>"; };
		SRC204 /* WebSocketManager.swift */ = {isa = PBXFileReference; lastKnownFileType = sourcecode.swift; path = WebSocketManager.swift; sourceTree = "<group>"; };

		/* ViewModels */
		SRC301 /* DashboardViewModel.swift */ = {isa = PBXFileReference; lastKnownFileType = sourcecode.swift; path = DashboardViewModel.swift; sourceTree = "<group>"; };
		SRC302 /* FlowsViewModel.swift */ = {isa = PBXFileReference; lastKnownFileType = sourcecode.swift; path = FlowsViewModel.swift; sourceTree = "<group>"; };
		SRC303 /* CheckpointsViewModel.swift */ = {isa = PBXFileReference; lastKnownFileType = sourcecode.swift; path = CheckpointsViewModel.swift; sourceTree = "<group>"; };

		/* Views - Dashboard */
		SRC401 /* DashboardView.swift */ = {isa = PBXFileReference; lastKnownFileType = sourcecode.swift; path = DashboardView.swift; sourceTree = "<group>"; };
		SRC402 /* MetricsCardView.swift */ = {isa = PBXFileReference; lastKnownFileType = sourcecode.swift; path = MetricsCardView.swift; sourceTree = "<group>"; };
		SRC403 /* ProgressBarView.swift */ = {isa = PBXFileReference; lastKnownFileType = sourcecode.swift; path = ProgressBarView.swift; sourceTree = "<group>"; };
		SRC404 /* DualAxisChartView.swift */ = {isa = PBXFileReference; lastKnownFileType = sourcecode.swift; path = DualAxisChartView.swift; sourceTree = "<group>"; };
		SRC405 /* PhaseTimelineView.swift */ = {isa = PBXFileReference; lastKnownFileType = sourcecode.swift; path = PhaseTimelineView.swift; sourceTree = "<group>"; };
		SRC406 /* IterationsListView.swift */ = {isa = PBXFileReference; lastKnownFileType = sourcecode.swift; path = IterationsListView.swift; sourceTree = "<group>"; };
		SRC407 /* IterationDetailSheet.swift */ = {isa = PBXFileReference; lastKnownFileType = sourcecode.swift; path = IterationDetailSheet.swift; sourceTree = "<group>"; };

		/* Views - Flows */
		SRC501 /* FlowsListView.swift */ = {isa = PBXFileReference; lastKnownFileType = sourcecode.swift; path = FlowsListView.swift; sourceTree = "<group>"; };
		SRC502 /* FlowCardView.swift */ = {isa = PBXFileReference; lastKnownFileType = sourcecode.swift; path = FlowCardView.swift; sourceTree = "<group>"; };
		SRC503 /* FlowDetailView.swift */ = {isa = PBXFileReference; lastKnownFileType = sourcecode.swift; path = FlowDetailView.swift; sourceTree = "<group>"; };
		SRC504 /* NewFlowView.swift */ = {isa = PBXFileReference; lastKnownFileType = sourcecode.swift; path = NewFlowView.swift; sourceTree = "<group>"; };

		/* Views - Checkpoints */
		SRC601 /* CheckpointsListView.swift */ = {isa = PBXFileReference; lastKnownFileType = sourcecode.swift; path = CheckpointsListView.swift; sourceTree = "<group>"; };

		/* Views - Settings */
		SRC701 /* SettingsView.swift */ = {isa = PBXFileReference; lastKnownFileType = sourcecode.swift; path = SettingsView.swift; sourceTree = "<group>"; };

		/* Utilities */
		SRC801 /* Formatters.swift */ = {isa = PBXFileReference; lastKnownFileType = sourcecode.swift; path = Formatters.swift; sourceTree = "<group>"; };
		SRC802 /* Theme.swift */ = {isa = PBXFileReference; lastKnownFileType = sourcecode.swift; path = Theme.swift; sourceTree = "<group>"; };

		/* Assets */
		AST100 /* Assets.xcassets */ = {isa = PBXFileReference; lastKnownFileType = folder.assetcatalog; path = Assets.xcassets; sourceTree = "<group>"; };
		AST101 /* Preview Assets.xcassets */ = {isa = PBXFileReference; lastKnownFileType = folder.assetcatalog; path = "Preview Assets.xcassets"; sourceTree = "<group>"; };
/* End PBXFileReference section */

/* Begin PBXFrameworksBuildPhase section */
		FRM001 /* Frameworks */ = {
			isa = PBXFrameworksBuildPhase;
			buildActionMask = 2147483647;
			files = (
			);
			runOnlyForDeploymentPostprocessing = 0;
		};
/* End PBXFrameworksBuildPhase section */

/* Begin PBXGroup section */
		GRP000 = {
			isa = PBXGroup;
			children = (
				GRP001 /* WNNDashboard */,
				GRP002 /* Products */,
			);
			sourceTree = "<group>";
		};
		GRP001 /* WNNDashboard */ = {
			isa = PBXGroup;
			children = (
				GRP010 /* App */,
				GRP020 /* Models */,
				GRP030 /* Services */,
				GRP040 /* ViewModels */,
				GRP050 /* Views */,
				GRP060 /* Utilities */,
				AST100 /* Assets.xcassets */,
				GRP070 /* Preview Content */,
			);
			path = WNNDashboard;
			sourceTree = "<group>";
		};
		GRP002 /* Products */ = {
			isa = PBXGroup;
			children = (
				PRD001 /* WNNDashboard.app */,
			);
			name = Products;
			sourceTree = "<group>";
		};
		GRP010 /* App */ = {
			isa = PBXGroup;
			children = (
				SRC001 /* WNNDashboardApp.swift */,
				SRC002 /* ContentView.swift */,
			);
			path = App;
			sourceTree = "<group>";
		};
		GRP020 /* Models */ = {
			isa = PBXGroup;
			children = (
				SRC101 /* StatusEnums.swift */,
				SRC102 /* Flow.swift */,
				SRC103 /* Experiment.swift */,
				SRC104 /* Phase.swift */,
				SRC105 /* Iteration.swift */,
				SRC106 /* GenomeEvaluation.swift */,
				SRC107 /* Checkpoint.swift */,
				SRC108 /* HealthCheck.swift */,
				SRC109 /* Snapshot.swift */,
				SRC110 /* WebSocketMessage.swift */,
				SRC111 /* AnyCodable.swift */,
			);
			path = Models;
			sourceTree = "<group>";
		};
		GRP030 /* Services */ = {
			isa = PBXGroup;
			children = (
				SRC201 /* SettingsStore.swift */,
				SRC202 /* ConnectionManager.swift */,
				SRC203 /* APIClient.swift */,
				SRC204 /* WebSocketManager.swift */,
			);
			path = Services;
			sourceTree = "<group>";
		};
		GRP040 /* ViewModels */ = {
			isa = PBXGroup;
			children = (
				SRC301 /* DashboardViewModel.swift */,
				SRC302 /* FlowsViewModel.swift */,
				SRC303 /* CheckpointsViewModel.swift */,
			);
			path = ViewModels;
			sourceTree = "<group>";
		};
		GRP050 /* Views */ = {
			isa = PBXGroup;
			children = (
				GRP051 /* Dashboard */,
				GRP052 /* Flows */,
				GRP053 /* Checkpoints */,
				GRP054 /* Settings */,
			);
			path = Views;
			sourceTree = "<group>";
		};
		GRP051 /* Dashboard */ = {
			isa = PBXGroup;
			children = (
				SRC401 /* DashboardView.swift */,
				SRC402 /* MetricsCardView.swift */,
				SRC403 /* ProgressBarView.swift */,
				SRC404 /* DualAxisChartView.swift */,
				SRC405 /* PhaseTimelineView.swift */,
				SRC406 /* IterationsListView.swift */,
				SRC407 /* IterationDetailSheet.swift */,
			);
			path = Dashboard;
			sourceTree = "<group>";
		};
		GRP052 /* Flows */ = {
			isa = PBXGroup;
			children = (
				SRC501 /* FlowsListView.swift */,
				SRC502 /* FlowCardView.swift */,
				SRC503 /* FlowDetailView.swift */,
				SRC504 /* NewFlowView.swift */,
			);
			path = Flows;
			sourceTree = "<group>";
		};
		GRP053 /* Checkpoints */ = {
			isa = PBXGroup;
			children = (
				SRC601 /* CheckpointsListView.swift */,
			);
			path = Checkpoints;
			sourceTree = "<group>";
		};
		GRP054 /* Settings */ = {
			isa = PBXGroup;
			children = (
				SRC701 /* SettingsView.swift */,
			);
			path = Settings;
			sourceTree = "<group>";
		};
		GRP060 /* Utilities */ = {
			isa = PBXGroup;
			children = (
				SRC801 /* Formatters.swift */,
				SRC802 /* Theme.swift */,
			);
			path = Utilities;
			sourceTree = "<group>";
		};
		GRP070 /* Preview Content */ = {
			isa = PBXGroup;
			children = (
				AST101 /* Preview Assets.xcassets */,
			);
			path = "Preview Content";
			sourceTree = "<group>";
		};
/* End PBXGroup section */

/* Begin PBXNativeTarget section */
		TGT001 /* WNNDashboard */ = {
			isa = PBXNativeTarget;
			buildConfigurationList = CFG003 /* Build configuration list for PBXNativeTarget "WNNDashboard" */;
			buildPhases = (
				SRC999 /* Sources */,
				FRM001 /* Frameworks */,
				RES001 /* Resources */,
			);
			buildRules = (
			);
			dependencies = (
			);
			name = WNNDashboard;
			productName = WNNDashboard;
			productReference = PRD001 /* WNNDashboard.app */;
			productType = "com.apple.product-type.application";
		};
/* End PBXNativeTarget section */

/* Begin PBXProject section */
		PRJ001 /* Project object */ = {
			isa = PBXProject;
			attributes = {
				BuildIndependentTargetsInParallel = 1;
				LastSwiftUpdateCheck = 1520;
				LastUpgradeCheck = 1520;
				TargetAttributes = {
					TGT001 = {
						CreatedOnToolsVersion = 15.2;
					};
				};
			};
			buildConfigurationList = CFG001 /* Build configuration list for PBXProject "WNNDashboard" */;
			compatibilityVersion = "Xcode 14.0";
			developmentRegion = en;
			hasScannedForEncodings = 0;
			knownRegions = (
				en,
				Base,
			);
			mainGroup = GRP000;
			productRefGroup = GRP002 /* Products */;
			projectDirPath = "";
			projectRoot = "";
			targets = (
				TGT001 /* WNNDashboard */,
			);
		};
/* End PBXProject section */

/* Begin PBXResourcesBuildPhase section */
		RES001 /* Resources */ = {
			isa = PBXResourcesBuildPhase;
			buildActionMask = 2147483647;
			files = (
				AST002 /* Preview Assets.xcassets in Resources */,
				AST001 /* Assets.xcassets in Resources */,
			);
			runOnlyForDeploymentPostprocessing = 0;
		};
/* End PBXResourcesBuildPhase section */

/* Begin PBXSourcesBuildPhase section */
		SRC999 /* Sources */ = {
			isa = PBXSourcesBuildPhase;
			buildActionMask = 2147483647;
			files = (
				APP001 /* WNNDashboardApp.swift in Sources */,
				APP002 /* ContentView.swift in Sources */,
				MDL001 /* StatusEnums.swift in Sources */,
				MDL002 /* Flow.swift in Sources */,
				MDL003 /* Experiment.swift in Sources */,
				MDL004 /* Phase.swift in Sources */,
				MDL005 /* Iteration.swift in Sources */,
				MDL006 /* GenomeEvaluation.swift in Sources */,
				MDL007 /* Checkpoint.swift in Sources */,
				MDL008 /* HealthCheck.swift in Sources */,
				MDL009 /* Snapshot.swift in Sources */,
				MDL010 /* WebSocketMessage.swift in Sources */,
				MDL011 /* AnyCodable.swift in Sources */,
				SVC001 /* SettingsStore.swift in Sources */,
				SVC002 /* ConnectionManager.swift in Sources */,
				SVC003 /* APIClient.swift in Sources */,
				SVC004 /* WebSocketManager.swift in Sources */,
				VML001 /* DashboardViewModel.swift in Sources */,
				VML002 /* FlowsViewModel.swift in Sources */,
				VML003 /* CheckpointsViewModel.swift in Sources */,
				VW001 /* DashboardView.swift in Sources */,
				VW002 /* MetricsCardView.swift in Sources */,
				VW003 /* ProgressBarView.swift in Sources */,
				VW004 /* DualAxisChartView.swift in Sources */,
				VW005 /* PhaseTimelineView.swift in Sources */,
				VW006 /* IterationsListView.swift in Sources */,
				VW007 /* IterationDetailSheet.swift in Sources */,
				VW101 /* FlowsListView.swift in Sources */,
				VW102 /* FlowCardView.swift in Sources */,
				VW103 /* FlowDetailView.swift in Sources */,
				VW104 /* NewFlowView.swift in Sources */,
				VW201 /* CheckpointsListView.swift in Sources */,
				VW301 /* SettingsView.swift in Sources */,
				UTL001 /* Formatters.swift in Sources */,
				UTL002 /* Theme.swift in Sources */,
			);
			runOnlyForDeploymentPostprocessing = 0;
		};
/* End PBXSourcesBuildPhase section */

/* Begin XCBuildConfiguration section */
		CFG101 /* Debug */ = {
			isa = XCBuildConfiguration;
			buildSettings = {
				ALWAYS_SEARCH_USER_PATHS = NO;
				ASSETCATALOG_COMPILER_GENERATE_SWIFT_ASSET_SYMBOL_EXTENSIONS = YES;
				CLANG_ANALYZER_NONNULL = YES;
				CLANG_ANALYZER_NUMBER_OBJECT_CONVERSION = YES_AGGRESSIVE;
				CLANG_CXX_LANGUAGE_STANDARD = "gnu++20";
				CLANG_ENABLE_MODULES = YES;
				CLANG_ENABLE_OBJC_ARC = YES;
				CLANG_ENABLE_OBJC_WEAK = YES;
				CLANG_WARN_BLOCK_CAPTURE_AUTORELEASING = YES;
				CLANG_WARN_BOOL_CONVERSION = YES;
				CLANG_WARN_COMMA = YES;
				CLANG_WARN_CONSTANT_CONVERSION = YES;
				CLANG_WARN_DEPRECATED_OBJC_IMPLEMENTATIONS = YES;
				CLANG_WARN_DIRECT_OBJC_ISA_USAGE = YES_ERROR;
				CLANG_WARN_DOCUMENTATION_COMMENTS = YES;
				CLANG_WARN_EMPTY_BODY = YES;
				CLANG_WARN_ENUM_CONVERSION = YES;
				CLANG_WARN_INFINITE_RECURSION = YES;
				CLANG_WARN_INT_CONVERSION = YES;
				CLANG_WARN_NON_LITERAL_NULL_CONVERSION = YES;
				CLANG_WARN_OBJC_IMPLICIT_RETAIN_SELF = YES;
				CLANG_WARN_OBJC_LITERAL_CONVERSION = YES;
				CLANG_WARN_OBJC_ROOT_CLASS = YES_ERROR;
				CLANG_WARN_QUOTED_INCLUDE_IN_FRAMEWORK_HEADER = YES;
				CLANG_WARN_RANGE_LOOP_ANALYSIS = YES;
				CLANG_WARN_STRICT_PROTOTYPES = YES;
				CLANG_WARN_SUSPICIOUS_MOVE = YES;
				CLANG_WARN_UNGUARDED_AVAILABILITY = YES_AGGRESSIVE;
				CLANG_WARN_UNREACHABLE_CODE = YES;
				CLANG_WARN__DUPLICATE_METHOD_MATCH = YES;
				COPY_PHASE_STRIP = NO;
				DEBUG_INFORMATION_FORMAT = dwarf;
				ENABLE_STRICT_OBJC_MSGSEND = YES;
				ENABLE_TESTABILITY = YES;
				ENABLE_USER_SCRIPT_SANDBOXING = YES;
				GCC_C_LANGUAGE_STANDARD = gnu17;
				GCC_DYNAMIC_NO_PIC = NO;
				GCC_NO_COMMON_BLOCKS = YES;
				GCC_OPTIMIZATION_LEVEL = 0;
				GCC_PREPROCESSOR_DEFINITIONS = (
					"DEBUG=1",
					"$(inherited)",
				);
				GCC_WARN_64_TO_32_BIT_CONVERSION = YES;
				GCC_WARN_ABOUT_RETURN_TYPE = YES_ERROR;
				GCC_WARN_UNDECLARED_SELECTOR = YES;
				GCC_WARN_UNINITIALIZED_AUTOS = YES_AGGRESSIVE;
				GCC_WARN_UNUSED_FUNCTION = YES;
				GCC_WARN_UNUSED_VARIABLE = YES;
				IPHONEOS_DEPLOYMENT_TARGET = 16.0;
				LOCALIZATION_PREFERS_STRING_CATALOGS = YES;
				MTL_ENABLE_DEBUG_INFO = INCLUDE_SOURCE;
				MTL_FAST_MATH = YES;
				ONLY_ACTIVE_ARCH = YES;
				SDKROOT = iphoneos;
				SWIFT_ACTIVE_COMPILATION_CONDITIONS = "DEBUG $(inherited)";
				SWIFT_OPTIMIZATION_LEVEL = "-Onone";
			};
			name = Debug;
		};
		CFG102 /* Release */ = {
			isa = XCBuildConfiguration;
			buildSettings = {
				ALWAYS_SEARCH_USER_PATHS = NO;
				ASSETCATALOG_COMPILER_GENERATE_SWIFT_ASSET_SYMBOL_EXTENSIONS = YES;
				CLANG_ANALYZER_NONNULL = YES;
				CLANG_ANALYZER_NUMBER_OBJECT_CONVERSION = YES_AGGRESSIVE;
				CLANG_CXX_LANGUAGE_STANDARD = "gnu++20";
				CLANG_ENABLE_MODULES = YES;
				CLANG_ENABLE_OBJC_ARC = YES;
				CLANG_ENABLE_OBJC_WEAK = YES;
				CLANG_WARN_BLOCK_CAPTURE_AUTORELEASING = YES;
				CLANG_WARN_BOOL_CONVERSION = YES;
				CLANG_WARN_COMMA = YES;
				CLANG_WARN_CONSTANT_CONVERSION = YES;
				CLANG_WARN_DEPRECATED_OBJC_IMPLEMENTATIONS = YES;
				CLANG_WARN_DIRECT_OBJC_ISA_USAGE = YES_ERROR;
				CLANG_WARN_DOCUMENTATION_COMMENTS = YES;
				CLANG_WARN_EMPTY_BODY = YES;
				CLANG_WARN_ENUM_CONVERSION = YES;
				CLANG_WARN_INFINITE_RECURSION = YES;
				CLANG_WARN_INT_CONVERSION = YES;
				CLANG_WARN_NON_LITERAL_NULL_CONVERSION = YES;
				CLANG_WARN_OBJC_IMPLICIT_RETAIN_SELF = YES;
				CLANG_WARN_OBJC_LITERAL_CONVERSION = YES;
				CLANG_WARN_OBJC_ROOT_CLASS = YES_ERROR;
				CLANG_WARN_QUOTED_INCLUDE_IN_FRAMEWORK_HEADER = YES;
				CLANG_WARN_RANGE_LOOP_ANALYSIS = YES;
				CLANG_WARN_STRICT_PROTOTYPES = YES;
				CLANG_WARN_SUSPICIOUS_MOVE = YES;
				CLANG_WARN_UNGUARDED_AVAILABILITY = YES_AGGRESSIVE;
				CLANG_WARN_UNREACHABLE_CODE = YES;
				CLANG_WARN__DUPLICATE_METHOD_MATCH = YES;
				COPY_PHASE_STRIP = NO;
				DEBUG_INFORMATION_FORMAT = "dwarf-with-dsym";
				ENABLE_NS_ASSERTIONS = NO;
				ENABLE_STRICT_OBJC_MSGSEND = YES;
				ENABLE_USER_SCRIPT_SANDBOXING = YES;
				GCC_C_LANGUAGE_STANDARD = gnu17;
				GCC_NO_COMMON_BLOCKS = YES;
				GCC_WARN_64_TO_32_BIT_CONVERSION = YES;
				GCC_WARN_ABOUT_RETURN_TYPE = YES_ERROR;
				GCC_WARN_UNDECLARED_SELECTOR = YES;
				GCC_WARN_UNINITIALIZED_AUTOS = YES_AGGRESSIVE;
				GCC_WARN_UNUSED_FUNCTION = YES;
				GCC_WARN_UNUSED_VARIABLE = YES;
				IPHONEOS_DEPLOYMENT_TARGET = 16.0;
				LOCALIZATION_PREFERS_STRING_CATALOGS = YES;
				MTL_ENABLE_DEBUG_INFO = NO;
				MTL_FAST_MATH = YES;
				SDKROOT = iphoneos;
				SWIFT_COMPILATION_MODE = wholemodule;
				VALIDATE_PRODUCT = YES;
			};
			name = Release;
		};
		CFG201 /* Debug */ = {
			isa = XCBuildConfiguration;
			buildSettings = {
				ASSETCATALOG_COMPILER_APPICON_NAME = AppIcon;
				ASSETCATALOG_COMPILER_GLOBAL_ACCENT_COLOR_NAME = AccentColor;
				CODE_SIGN_STYLE = Automatic;
				CURRENT_PROJECT_VERSION = 1;
				DEVELOPMENT_ASSET_PATHS = "\"WNNDashboard/Preview Content\"";
				ENABLE_PREVIEWS = YES;
				GENERATE_INFOPLIST_FILE = YES;
				INFOPLIST_KEY_CFBundleDisplayName = "WNN Dashboard";
				INFOPLIST_KEY_UIApplicationSceneManifest_Generation = YES;
				INFOPLIST_KEY_UIApplicationSupportsIndirectInputEvents = YES;
				INFOPLIST_KEY_UILaunchScreen_Generation = YES;
				INFOPLIST_KEY_UISupportedInterfaceOrientations_iPad = "UIInterfaceOrientationPortrait UIInterfaceOrientationPortraitUpsideDown UIInterfaceOrientationLandscapeLeft UIInterfaceOrientationLandscapeRight";
				INFOPLIST_KEY_UISupportedInterfaceOrientations_iPhone = "UIInterfaceOrientationPortrait UIInterfaceOrientationLandscapeLeft UIInterfaceOrientationLandscapeRight";
				LD_RUNPATH_SEARCH_PATHS = (
					"$(inherited)",
					"@executable_path/Frameworks",
				);
				MARKETING_VERSION = 1.0;
				PRODUCT_BUNDLE_IDENTIFIER = com.wnn.dashboard;
				PRODUCT_NAME = "$(TARGET_NAME)";
				SWIFT_EMIT_LOC_STRINGS = YES;
				SWIFT_VERSION = 5.0;
				TARGETED_DEVICE_FAMILY = "1,2";
			};
			name = Debug;
		};
		CFG202 /* Release */ = {
			isa = XCBuildConfiguration;
			buildSettings = {
				ASSETCATALOG_COMPILER_APPICON_NAME = AppIcon;
				ASSETCATALOG_COMPILER_GLOBAL_ACCENT_COLOR_NAME = AccentColor;
				CODE_SIGN_STYLE = Automatic;
				CURRENT_PROJECT_VERSION = 1;
				DEVELOPMENT_ASSET_PATHS = "\"WNNDashboard/Preview Content\"";
				ENABLE_PREVIEWS = YES;
				GENERATE_INFOPLIST_FILE = YES;
				INFOPLIST_KEY_CFBundleDisplayName = "WNN Dashboard";
				INFOPLIST_KEY_UIApplicationSceneManifest_Generation = YES;
				INFOPLIST_KEY_UIApplicationSupportsIndirectInputEvents = YES;
				INFOPLIST_KEY_UILaunchScreen_Generation = YES;
				INFOPLIST_KEY_UISupportedInterfaceOrientations_iPad = "UIInterfaceOrientationPortrait UIInterfaceOrientationPortraitUpsideDown UIInterfaceOrientationLandscapeLeft UIInterfaceOrientationLandscapeRight";
				INFOPLIST_KEY_UISupportedInterfaceOrientations_iPhone = "UIInterfaceOrientationPortrait UIInterfaceOrientationLandscapeLeft UIInterfaceOrientationLandscapeRight";
				LD_RUNPATH_SEARCH_PATHS = (
					"$(inherited)",
					"@executable_path/Frameworks",
				);
				MARKETING_VERSION = 1.0;
				PRODUCT_BUNDLE_IDENTIFIER = com.wnn.dashboard;
				PRODUCT_NAME = "$(TARGET_NAME)";
				SWIFT_EMIT_LOC_STRINGS = YES;
				SWIFT_VERSION = 5.0;
				TARGETED_DEVICE_FAMILY = "1,2";
			};
			name = Release;
		};
/* End XCBuildConfiguration section */

/* Begin XCConfigurationList section */
		CFG001 /* Build configuration list for PBXProject "WNNDashboard" */ = {
			isa = XCConfigurationList;
			buildConfigurations = (
				CFG101 /* Debug */,
				CFG102 /* Release */,
			);
			defaultConfigurationIsVisible = 0;
			defaultConfigurationName = Release;
		};
		CFG003 /* Build configuration list for PBXNativeTarget "WNNDashboard" */ = {
			isa = XCConfigurationList;
			buildConfigurations = (
				CFG201 /* Debug */,
				CFG202 /* Release */,
			);
			defaultConfigurationIsVisible = 0;
			defaultConfigurationName = Release;
		};
/* End XCConfigurationList section */
	};
	rootObject = PRJ001 /* Project object */;
}
